
Microsoft Visual Studio Solution File, Format Version 12.00
# Visual Studio Version 17
VisualStudioVersion = 17.14.36705.20
MinimumVisualStudioVersion = 10.0.40219.1
Project("{FAE04EC0-301F-11D3-BF4B-00C04F79EFBC}") = "App.WinForms", "App.WinForms\App.WinForms.csproj", "{3A6F2D0D-F3BB-41A8-A182-6204AA1AD68D}"
EndProject
Project("{FAE04EC0-301F-11D3-BF4B-00C04F79EFBC}") = "Core", "Core\Core.csproj", "{56CD93F2-0A3B-4572-8174-13ACC8974846}"
EndProject
Global
	GlobalSection(SolutionConfigurationPlatforms) = preSolution
		Debug|Any CPU = Debug|Any CPU
		Release|Any CPU = Release|Any CPU
	EndGlobalSection
	GlobalSection(ProjectConfigurationPlatforms) = postSolution
		{3A6F2D0D-F3BB-41A8-A182-6204AA1AD68D}.Debug|Any CPU.ActiveCfg = Debug|Any CPU
		{3A6F2D0D-F3BB-41A8-A182-6204AA1AD68D}.Debug|Any CPU.Build.0 = Debug|Any CPU
		{3A6F2D0D-F3BB-41A8-A182-6204AA1AD68D}.Release|Any CPU.ActiveCfg = Release|Any CPU
		{3A6F2D0D-F3BB-41A8-A182-6204AA1AD68D}.Release|Any CPU.Build.0 = Release|Any CPU
		{56CD93F2-0A3B-4572-8174-13ACC8974846}.Debug|Any CPU.ActiveCfg = Debug|Any CPU
		{56CD93F2-0A3B-4572-8174-13ACC8974846}.Debug|Any CPU.Build.0 = Debug|Any CPU
		{56CD93F2-0A3B-4572-8174-13ACC8974846}.Release|Any CPU.ActiveCfg = Release|Any CPU
		{56CD93F2-0A3B-4572-8174-13ACC8974846}.Release|Any CPU.Build.0 = Release|Any CPU
	EndGlobalSection
	GlobalSection(SolutionProperties) = preSolution
		HideSolutionNode = FALSE
	EndGlobalSection
	GlobalSection(ExtensibilityGlobals) = postSolution
		SolutionGuid = {599374DC-701A-48DD-BBB8-B7CDE556D503}
	EndGlobalSection
EndGlobal
